<?xml version="1.0" encoding="UTF-8" standalone="yes" ?>
<CodeBlocks_project_file>
	<FileVersion major="1" minor="6" />
	<Project>
		<Option title="curecoin" />
		<Option pch_mode="2" />
		<Option compiler="gcc" />
		<Build>
			<Target title="Debug">
				<Option output="bin/Debug/curecoind" prefix_auto="1" extension_auto="1" />
				<Option object_output="obj/Debug/" />
				<Option type="1" />
				<Option compiler="gcc" />
				<Compiler>
					<Add option="-g" />
					<Add option="-D_DEBUG" />
				</Compiler>
			</Target>
			<Target title="Release">
				<Option output="bin/Release/curecoind" prefix_auto="1" extension_auto="1" />
				<Option object_output="obj/Release/" />
				<Option type="1" />
				<Option compiler="gcc" />
				<Compiler>
					<Add option="-O3" />
					<Add option="-DNDEBUG" />
				</Compiler>
				<Linker>
					<Add option="-s" />
				</Linker>
			</Target>
		</Build>
		<Compiler>
			<Add option="-mthreads -w -Wall -Wextra -Wformat -Wformat-security -Wno-unused-parameter" />
			<Add option="-DBOOST_THREAD_USE_LIB" />
			<Add option="-DBOOST_SPIRIT_THREADSAFE" />
			<Add option="-DSTATICLIB" />
			<Add option="-DUSE_UPNP=1" />
			<Add option="-DUSE_IPV6=1" />
			<Add directory="C:/boost_1_54_0" />
			<Add directory="C:/db-4.8.30.NC/build_unix" />
			<Add directory="C:/openssl-1.0.1e/include" />
			<Add directory="C:/miniupnpc-1.6" />
		</Compiler>
		<Linker>
			<Add option="-Wl,--dynamicbase -Wl,--nxcompat -l kernel32 -l user32 -l gdi32 -l comdlg32 -l winspool -l winmm -l shell32 -l comctl32 -l ole32 -l oleaut32 -l uuid -l rpcrt4 -l advapi32 -l ws2_32 -l mswsock -l shlwapi" />
			<Add library="C:\boost_1_54_0\stage\lib\libboost_system-mgw46-mt-sd-1_54.a" />
			<Add library="C:\boost_1_54_0\stage\lib\libboost_filesystem-mgw46-mt-sd-1_54.a" />
			<Add library="C:\boost_1_54_0\stage\lib\libboost_program_options-mgw46-mt-sd-1_54.a" />
			<Add library="C:\boost_1_54_0\stage\lib\libboost_thread-mgw46-mt-sd-1_54.a" />
			<Add library="C:\boost_1_54_0\stage\lib\libboost_chrono-mgw46-mt-sd-1_54.a" />
			<Add library="C:\db-4.8.30.NC\build_unix\libdb_cxx.a" />
			<Add library="C:\openssl-1.0.1e\libssl.a" />
			<Add library="C:\openssl-1.0.1e\libcrypto.a" />
			<Add library="C:\miniupnpc-1.6\libminiupnpc.a" />
			<Add library="C:\Dev\MinGW\lib\libgdi32.a" />
			<Add library="C:\Dev\MinGW\lib\libws2_32.a" />
			<Add library="C:\Dev\MinGW\lib\libiphlpapi.a" />
		</Linker>
		<Unit filename="curecoinrpc.cpp" />
		<Unit filename="curecoinrpc.h" />
		<Unit filename="addrman.cpp" />
		<Unit filename="addrman.h" />
		<Unit filename="alert.cpp" />
		<Unit filename="alert.h" />
		<Unit filename="allocators.h" />
		<Unit filename="base58.h" />
		<Unit filename="bignum.h" />
		<Unit filename="checkpoints.cpp" />
		<Unit filename="checkpoints.h" />
		<Unit filename="clientversion.h" />
		<Unit filename="compat.h" />
		<Unit filename="crypter.cpp" />
		<Unit filename="crypter.h" />
		<Unit filename="db.cpp" />
		<Unit filename="db.h" />
		<Unit filename="init.cpp" />
		<Unit filename="init.h" />
		<Unit filename="irc.cpp" />
		<Unit filename="irc.h" />
		<Unit filename="json/json_spirit.h" />
		<Unit filename="json/json_spirit_error_position.h" />
		<Unit filename="json/json_spirit_reader.cpp" />
		<Unit filename="json/json_spirit_reader.h" />
		<Unit filename="json/json_spirit_reader_template.h" />
		<Unit filename="json/json_spirit_stream_reader.h" />
		<Unit filename="json/json_spirit_utils.h" />
		<Unit filename="json/json_spirit_value.cpp" />
		<Unit filename="json/json_spirit_value.h" />
		<Unit filename="json/json_spirit_writer.cpp" />
		<Unit filename="json/json_spirit_writer.h" />
		<Unit filename="json/json_spirit_writer_template.h" />
		<Unit filename="kernel.cpp" />
		<Unit filename="kernel.h" />
		<Unit filename="key.cpp" />
		<Unit filename="key.h" />
		<Unit filename="keystore.cpp" />
		<Unit filename="keystore.h" />
		<Unit filename="main.cpp" />
		<Unit filename="main.h" />
		<Unit filename="mruset.h" />
		<Unit filename="net.cpp" />
		<Unit filename="net.h" />
		<Unit filename="netbase.cpp" />
		<Unit filename="netbase.h" />
		<Unit filename="noui.cpp" />
		<Unit filename="protocol.cpp" />
		<Unit filename="protocol.h" />
		<Unit filename="rpcblockchain.cpp" />
		<Unit filename="rpcdump.cpp" />
		<Unit filename="rpcmining.cpp" />
		<Unit filename="rpcnet.cpp" />
		<Unit filename="rpcrawtransaction.cpp" />
		<Unit filename="rpcwallet.cpp" />
		<Unit filename="script.cpp" />
		<Unit filename="script.h" />
		<Unit filename="serialize.h" />
		<Unit filename="strlcpy.h" />
		<Unit filename="sync.cpp" />
		<Unit filename="sync.h" />
		<Unit filename="ui_interface.h" />
		<Unit filename="uint256.h" />
		<Unit filename="util.cpp" />
		<Unit filename="util.h" />
		<Unit filename="version.cpp" />
		<Unit filename="version.h" />
		<Unit filename="wallet.cpp" />
		<Unit filename="wallet.h" />
		<Unit filename="walletdb.cpp" />
		<Unit filename="walletdb.h" />
		<Extensions>
			<code_completion />
			<debugger />
		</Extensions>
	</Project>
</CodeBlocks_project_file>
